
Microsoft Visual Studio Solution File, Format Version 12.00
# Visual Studio Version 17
VisualStudioVersion = 17.14.36414.22
MinimumVisualStudioVersion = 10.0.40219.1
Project("{FAE04EC0-301F-11D3-BF4B-00C04F79EFBC}") = "01_MainSubjects", "01_MainSubjects\01_MainSubjects.csproj", "{502573E5-239D-4819-8F37-60D80419D1A2}"
EndProject
Project("{FAE04EC0-301F-11D3-BF4B-00C04F79EFBC}") = "02_Variables", "02_Variables\02_Variables.csproj", "{378FD52F-8CF5-4E93-B71B-544FE132D811}"
EndProject
Project("{FAE04EC0-301F-11D3-BF4B-00C04F79EFBC}") = "03_MakingDecision", "03_MakingDecision\03_MakingDecision.csproj", "{C202C8A9-3AAF-4B86-A299-20F6720F45BD}"
EndProject
Project("{FAE04EC0-301F-11D3-BF4B-00C04F79EFBC}") = "04_Loops", "04_Loops\04_Loops.csproj", "{872111ED-6616-4BE3-A6AA-0CCD8BE9B6F2}"
EndProject
Project("{FAE04EC0-301F-11D3-BF4B-00C04F79EFBC}") = "06_Arrays", "06_Arrays\06_Arrays.csproj", "{585BCD16-40D1-4260-ABD1-11FA3BF2EE68}"
EndProject
Project("{FAE04EC0-301F-11D3-BF4B-00C04F79EFBC}") = "07_ForEachLoop", "07_ForEachLoop\07_ForEachLoop.csproj", "{818B108B-BA1B-412F-9BA2-625112F4B567}"
EndProject
Project("{FAE04EC0-301F-11D3-BF4B-00C04F79EFBC}") = "08_Methods", "08_Methods\08_Methods.csproj", "{287246D1-A020-4368-A5B2-2D19EE77DFF9}"
EndProject
Project("{FAE04EC0-301F-11D3-BF4B-00C04F79EFBC}") = "09_DatabaseProject", "09_DatabaseProject\09_DatabaseProject.csproj", "{A2325993-90DD-468E-81AB-53FF72C9D9AF}"
EndProject
Project("{FAE04EC0-301F-11D3-BF4B-00C04F79EFBC}") = "10_DatabaseCrud", "10_DatabaseCrud\10_DatabaseCrud.csproj", "{59E45CBC-674C-4526-B6BB-33E4162D1301}"
EndProject
Global
	GlobalSection(SolutionConfigurationPlatforms) = preSolution
		Debug|Any CPU = Debug|Any CPU
		Release|Any CPU = Release|Any CPU
	EndGlobalSection
	GlobalSection(ProjectConfigurationPlatforms) = postSolution
		{502573E5-239D-4819-8F37-60D80419D1A2}.Debug|Any CPU.ActiveCfg = Debug|Any CPU
		{502573E5-239D-4819-8F37-60D80419D1A2}.Debug|Any CPU.Build.0 = Debug|Any CPU
		{502573E5-239D-4819-8F37-60D80419D1A2}.Release|Any CPU.ActiveCfg = Release|Any CPU
		{502573E5-239D-4819-8F37-60D80419D1A2}.Release|Any CPU.Build.0 = Release|Any CPU
		{378FD52F-8CF5-4E93-B71B-544FE132D811}.Debug|Any CPU.ActiveCfg = Debug|Any CPU
		{378FD52F-8CF5-4E93-B71B-544FE132D811}.Debug|Any CPU.Build.0 = Debug|Any CPU
		{378FD52F-8CF5-4E93-B71B-544FE132D811}.Release|Any CPU.ActiveCfg = Release|Any CPU
		{378FD52F-8CF5-4E93-B71B-544FE132D811}.Release|Any CPU.Build.0 = Release|Any CPU
		{C202C8A9-3AAF-4B86-A299-20F6720F45BD}.Debug|Any CPU.ActiveCfg = Debug|Any CPU
		{C202C8A9-3AAF-4B86-A299-20F6720F45BD}.Debug|Any CPU.Build.0 = Debug|Any CPU
		{C202C8A9-3AAF-4B86-A299-20F6720F45BD}.Release|Any CPU.ActiveCfg = Release|Any CPU
		{C202C8A9-3AAF-4B86-A299-20F6720F45BD}.Release|Any CPU.Build.0 = Release|Any CPU
		{872111ED-6616-4BE3-A6AA-0CCD8BE9B6F2}.Debug|Any CPU.ActiveCfg = Debug|Any CPU
		{872111ED-6616-4BE3-A6AA-0CCD8BE9B6F2}.Debug|Any CPU.Build.0 = Debug|Any CPU
		{872111ED-6616-4BE3-A6AA-0CCD8BE9B6F2}.Release|Any CPU.ActiveCfg = Release|Any CPU
		{872111ED-6616-4BE3-A6AA-0CCD8BE9B6F2}.Release|Any CPU.Build.0 = Release|Any CPU
		{585BCD16-40D1-4260-ABD1-11FA3BF2EE68}.Debug|Any CPU.ActiveCfg = Debug|Any CPU
		{585BCD16-40D1-4260-ABD1-11FA3BF2EE68}.Debug|Any CPU.Build.0 = Debug|Any CPU
		{585BCD16-40D1-4260-ABD1-11FA3BF2EE68}.Release|Any CPU.ActiveCfg = Release|Any CPU
		{585BCD16-40D1-4260-ABD1-11FA3BF2EE68}.Release|Any CPU.Build.0 = Release|Any CPU
		{818B108B-BA1B-412F-9BA2-625112F4B567}.Debug|Any CPU.ActiveCfg = Debug|Any CPU
		{818B108B-BA1B-412F-9BA2-625112F4B567}.Debug|Any CPU.Build.0 = Debug|Any CPU
		{818B108B-BA1B-412F-9BA2-625112F4B567}.Release|Any CPU.ActiveCfg = Release|Any CPU
		{818B108B-BA1B-412F-9BA2-625112F4B567}.Release|Any CPU.Build.0 = Release|Any CPU
		{287246D1-A020-4368-A5B2-2D19EE77DFF9}.Debug|Any CPU.ActiveCfg = Debug|Any CPU
		{287246D1-A020-4368-A5B2-2D19EE77DFF9}.Debug|Any CPU.Build.0 = Debug|Any CPU
		{287246D1-A020-4368-A5B2-2D19EE77DFF9}.Release|Any CPU.ActiveCfg = Release|Any CPU
		{287246D1-A020-4368-A5B2-2D19EE77DFF9}.Release|Any CPU.Build.0 = Release|Any CPU
		{A2325993-90DD-468E-81AB-53FF72C9D9AF}.Debug|Any CPU.ActiveCfg = Debug|Any CPU
		{A2325993-90DD-468E-81AB-53FF72C9D9AF}.Debug|Any CPU.Build.0 = Debug|Any CPU
		{A2325993-90DD-468E-81AB-53FF72C9D9AF}.Release|Any CPU.ActiveCfg = Release|Any CPU
		{A2325993-90DD-468E-81AB-53FF72C9D9AF}.Release|Any CPU.Build.0 = Release|Any CPU
		{59E45CBC-674C-4526-B6BB-33E4162D1301}.Debug|Any CPU.ActiveCfg = Debug|Any CPU
		{59E45CBC-674C-4526-B6BB-33E4162D1301}.Debug|Any CPU.Build.0 = Debug|Any CPU
		{59E45CBC-674C-4526-B6BB-33E4162D1301}.Release|Any CPU.ActiveCfg = Release|Any CPU
		{59E45CBC-674C-4526-B6BB-33E4162D1301}.Release|Any CPU.Build.0 = Release|Any CPU
	EndGlobalSection
	GlobalSection(SolutionProperties) = preSolution
		HideSolutionNode = FALSE
	EndGlobalSection
	GlobalSection(ExtensibilityGlobals) = postSolution
		SolutionGuid = {83C70F72-83DB-4868-901B-43ECB6595F62}
	EndGlobalSection
EndGlobal
